
Microsoft Visual Studio Solution File, Format Version 12.00
# Visual Studio 2013
VisualStudioVersion = 12.0.21005.1
MinimumVisualStudioVersion = 10.0.40219.1
Project("{FAE04EC0-301F-11D3-BF4B-00C04F79EFBC}") = "MarsServer", "MarsServer\MarsServer.csproj", "{D3450011-A0B2-4F7B-BAA0-41BF81F25D24}"
EndProject
Global
	GlobalSection(SolutionConfigurationPlatforms) = preSolution
		Debug|Any CPU = Debug|Any CPU
		Release|Any CPU = Release|Any CPU
	EndGlobalSection
	GlobalSection(ProjectConfigurationPlatforms) = postSolution
		{D3450011-A0B2-4F7B-BAA0-41BF81F25D24}.Debug|Any CPU.ActiveCfg = Debug|Any CPU
		{D3450011-A0B2-4F7B-BAA0-41BF81F25D24}.Debug|Any CPU.Build.0 = Debug|Any CPU
		{D3450011-A0B2-4F7B-BAA0-41BF81F25D24}.Release|Any CPU.ActiveCfg = Release|Any CPU
		{D3450011-A0B2-4F7B-BAA0-41BF81F25D24}.Release|Any CPU.Build.0 = Release|Any CPU
	EndGlobalSection
	GlobalSection(SolutionProperties) = preSolution
		HideSolutionNode = FALSE
	EndGlobalSection
EndGlobal
