
Microsoft Visual Studio Solution File, Format Version 12.00
# Visual Studio 2013
VisualStudioVersion = 12.0.21005.1
MinimumVisualStudioVersion = 10.0.40219.1
Project("{FAE04EC0-301F-11D3-BF4B-00C04F79EFBC}") = "EZServer", "EZServer\EZServer.csproj", "{2646E9A0-D168-42ED-8422-C2542437C611}"
EndProject
Project("{FAE04EC0-301F-11D3-BF4B-00C04F79EFBC}") = "EZProtocol", "EZProtocol\EZProtocol.csproj", "{D90CCCC1-0E4F-4E13-91E7-AAB34ACA5425}"
EndProject
Global
	GlobalSection(SolutionConfigurationPlatforms) = preSolution
		Debug|Any CPU = Debug|Any CPU
		Release|Any CPU = Release|Any CPU
	EndGlobalSection
	GlobalSection(ProjectConfigurationPlatforms) = postSolution
		{2646E9A0-D168-42ED-8422-C2542437C611}.Debug|Any CPU.ActiveCfg = Debug|Any CPU
		{2646E9A0-D168-42ED-8422-C2542437C611}.Debug|Any CPU.Build.0 = Debug|Any CPU
		{2646E9A0-D168-42ED-8422-C2542437C611}.Release|Any CPU.ActiveCfg = Release|Any CPU
		{2646E9A0-D168-42ED-8422-C2542437C611}.Release|Any CPU.Build.0 = Release|Any CPU
		{D90CCCC1-0E4F-4E13-91E7-AAB34ACA5425}.Debug|Any CPU.ActiveCfg = Debug|Any CPU
		{D90CCCC1-0E4F-4E13-91E7-AAB34ACA5425}.Debug|Any CPU.Build.0 = Debug|Any CPU
		{D90CCCC1-0E4F-4E13-91E7-AAB34ACA5425}.Release|Any CPU.ActiveCfg = Release|Any CPU
		{D90CCCC1-0E4F-4E13-91E7-AAB34ACA5425}.Release|Any CPU.Build.0 = Release|Any CPU
	EndGlobalSection
	GlobalSection(SolutionProperties) = preSolution
		HideSolutionNode = FALSE
	EndGlobalSection
EndGlobal
